
Microsoft Visual Studio Solution File, Format Version 12.00
# Visual Studio Version 16
VisualStudioVersion = 16.0.30804.86
MinimumVisualStudioVersion = 10.0.40219.1
Project("{FAE04EC0-301F-11D3-BF4B-00C04F79EFBC}") = "RedisCache.Api", "RedisCache.Api\RedisCache.Api.csproj", "{994F8066-22A9-443E-9CC0-E92385CF82D1}"
EndProject
Global
	GlobalSection(SolutionConfigurationPlatforms) = preSolution
		Debug|Any CPU = Debug|Any CPU
		Release|Any CPU = Release|Any CPU
	EndGlobalSection
	GlobalSection(ProjectConfigurationPlatforms) = postSolution
		{994F8066-22A9-443E-9CC0-E92385CF82D1}.Debug|Any CPU.ActiveCfg = Debug|Any CPU
		{994F8066-22A9-443E-9CC0-E92385CF82D1}.Debug|Any CPU.Build.0 = Debug|Any CPU
		{994F8066-22A9-443E-9CC0-E92385CF82D1}.Release|Any CPU.ActiveCfg = Release|Any CPU
		{994F8066-22A9-443E-9CC0-E92385CF82D1}.Release|Any CPU.Build.0 = Release|Any CPU
	EndGlobalSection
	GlobalSection(SolutionProperties) = preSolution
		HideSolutionNode = FALSE
	EndGlobalSection
	GlobalSection(ExtensibilityGlobals) = postSolution
		SolutionGuid = {56E757FB-6B32-413F-B358-62EC92362E17}
	EndGlobalSection
EndGlobal
